
Microsoft Visual Studio Solution File, Format Version 12.00
# Visual Studio 15
VisualStudioVersion = 15.0.28307.2092
MinimumVisualStudioVersion = 10.0.40219.1
Project("{FAE04EC0-301F-11D3-BF4B-00C04F79EFBC}") = "SQLFileLoader", "SQLFileLoader\SQLFileLoader.csproj", "{CAC19267-3067-49E4-BAA9-EC8F96F2B572}"
EndProject
Global
	GlobalSection(SolutionConfigurationPlatforms) = preSolution
		Debug|Any CPU = Debug|Any CPU
		Release|Any CPU = Release|Any CPU
	EndGlobalSection
	GlobalSection(ProjectConfigurationPlatforms) = postSolution
		{CAC19267-3067-49E4-BAA9-EC8F96F2B572}.Debug|Any CPU.ActiveCfg = Debug|Any CPU
		{CAC19267-3067-49E4-BAA9-EC8F96F2B572}.Debug|Any CPU.Build.0 = Debug|Any CPU
		{CAC19267-3067-49E4-BAA9-EC8F96F2B572}.Release|Any CPU.ActiveCfg = Release|Any CPU
		{CAC19267-3067-49E4-BAA9-EC8F96F2B572}.Release|Any CPU.Build.0 = Release|Any CPU
	EndGlobalSection
	GlobalSection(SolutionProperties) = preSolution
		HideSolutionNode = FALSE
	EndGlobalSection
	GlobalSection(ExtensibilityGlobals) = postSolution
		SolutionGuid = {CB89250C-3489-4506-9EFC-36C1F8DF78AE}
	EndGlobalSection
EndGlobal
